
Microsoft Visual Studio Solution File, Format Version 12.00
# Visual Studio 2012
Project("{FAE04EC0-301F-11D3-BF4B-00C04F79EFBC}") = "学生综合测评管理系统", "学生综合测评管理系统\学生综合测评管理系统.csproj", "{D8B9B0F9-B6D9-4830-B8C0-105EF6EA4BBD}"
EndProject
Global
	GlobalSection(SolutionConfigurationPlatforms) = preSolution
		Debug|Any CPU = Debug|Any CPU
		Release|Any CPU = Release|Any CPU
	EndGlobalSection
	GlobalSection(ProjectConfigurationPlatforms) = postSolution
		{D8B9B0F9-B6D9-4830-B8C0-105EF6EA4BBD}.Debug|Any CPU.ActiveCfg = Debug|Any CPU
		{D8B9B0F9-B6D9-4830-B8C0-105EF6EA4BBD}.Debug|Any CPU.Build.0 = Debug|Any CPU
		{D8B9B0F9-B6D9-4830-B8C0-105EF6EA4BBD}.Release|Any CPU.ActiveCfg = Release|Any CPU
		{D8B9B0F9-B6D9-4830-B8C0-105EF6EA4BBD}.Release|Any CPU.Build.0 = Release|Any CPU
	EndGlobalSection
	GlobalSection(SolutionProperties) = preSolution
		HideSolutionNode = FALSE
	EndGlobalSection
EndGlobal
