
Microsoft Visual Studio Solution File, Format Version 12.00
# Visual Studio 2012
Project("{FAE04EC0-301F-11D3-BF4B-00C04F79EFBC}") = "学生成绩管理系统", "学生成绩管理系统\学生成绩管理系统.csproj", "{F385B7C5-A745-4191-9E84-6D764538A18B}"
EndProject
Global
	GlobalSection(SolutionConfigurationPlatforms) = preSolution
		Debug|Any CPU = Debug|Any CPU
		Release|Any CPU = Release|Any CPU
	EndGlobalSection
	GlobalSection(ProjectConfigurationPlatforms) = postSolution
		{F385B7C5-A745-4191-9E84-6D764538A18B}.Debug|Any CPU.ActiveCfg = Debug|Any CPU
		{F385B7C5-A745-4191-9E84-6D764538A18B}.Debug|Any CPU.Build.0 = Debug|Any CPU
		{F385B7C5-A745-4191-9E84-6D764538A18B}.Release|Any CPU.ActiveCfg = Release|Any CPU
		{F385B7C5-A745-4191-9E84-6D764538A18B}.Release|Any CPU.Build.0 = Release|Any CPU
	EndGlobalSection
	GlobalSection(SolutionProperties) = preSolution
		HideSolutionNode = FALSE
	EndGlobalSection
EndGlobal
